
Microsoft Visual Studio Solution File, Format Version 12.00
# Visual Studio Version 17
VisualStudioVersion = 17.4.33122.133
MinimumVisualStudioVersion = 10.0.40219.1
Project("{9A19103F-16F7-4668-BE54-9A1E7A4F7556}") = "tagify", "tagify.csproj", "{ED07E446-615E-45C1-9567-98D39F406B05}"
EndProject
Project("{54435603-DBB4-11D2-8724-00A0C9A8B90C}") = "Tagify (x64) Installer", "..\Tagify (x64) Installer\Tagify (x64) Installer.vdproj", "{B240D305-6E2B-42C2-B2B1-5B2CE8FCE4F8}"
EndProject
Global
	GlobalSection(SolutionConfigurationPlatforms) = preSolution
		Debug|Any CPU = Debug|Any CPU
		Debug|x64 = Debug|x64
		Release|Any CPU = Release|Any CPU
		Release|x64 = Release|x64
	EndGlobalSection
	GlobalSection(ProjectConfigurationPlatforms) = postSolution
		{ED07E446-615E-45C1-9567-98D39F406B05}.Debug|Any CPU.ActiveCfg = Debug|Any CPU
		{ED07E446-615E-45C1-9567-98D39F406B05}.Debug|Any CPU.Build.0 = Debug|Any CPU
		{ED07E446-615E-45C1-9567-98D39F406B05}.Debug|x64.ActiveCfg = Debug|Any CPU
		{ED07E446-615E-45C1-9567-98D39F406B05}.Debug|x64.Build.0 = Debug|Any CPU
		{ED07E446-615E-45C1-9567-98D39F406B05}.Release|Any CPU.ActiveCfg = Release|Any CPU
		{ED07E446-615E-45C1-9567-98D39F406B05}.Release|Any CPU.Build.0 = Release|Any CPU
		{ED07E446-615E-45C1-9567-98D39F406B05}.Release|x64.ActiveCfg = Release|Any CPU
		{B240D305-6E2B-42C2-B2B1-5B2CE8FCE4F8}.Debug|Any CPU.ActiveCfg = Debug
		{B240D305-6E2B-42C2-B2B1-5B2CE8FCE4F8}.Debug|x64.ActiveCfg = Debug
		{B240D305-6E2B-42C2-B2B1-5B2CE8FCE4F8}.Release|Any CPU.ActiveCfg = Release
		{B240D305-6E2B-42C2-B2B1-5B2CE8FCE4F8}.Release|x64.ActiveCfg = Release
	EndGlobalSection
	GlobalSection(SolutionProperties) = preSolution
		HideSolutionNode = FALSE
	EndGlobalSection
	GlobalSection(ExtensibilityGlobals) = postSolution
		SolutionGuid = {0136541F-CCC9-4AA2-8137-6190F03A60E1}
	EndGlobalSection
EndGlobal
